
Microsoft Visual Studio Solution File, Format Version 12.00
# Visual Studio Version 17
VisualStudioVersion = 17.0.32112.339
MinimumVisualStudioVersion = 10.0.40219.1
Project("{2150E333-8FDC-42A3-9474-1A3956D46DE8}") = "src", "src", "{5A990A74-F60E-4C6D-953A-5A4529900043}"
EndProject
Project("{9A19103F-16F7-4668-BE54-9A1E7A4F7556}") = "Api", "src\Api\Api.csproj", "{E0BD00A0-937E-465D-A19F-B62AC9EFAE62}"
EndProject
Project("{9A19103F-16F7-4668-BE54-9A1E7A4F7556}") = "Ingestor", "src\Ingestor\Ingestor.csproj", "{D198657A-C129-4C00-BBA1-475AD938B6CF}"
EndProject
Project("{2150E333-8FDC-42A3-9474-1A3956D46DE8}") = "test", "test", "{CF069C38-0C6A-4055-9A2E-87E4B721C012}"
EndProject
Project("{9A19103F-16F7-4668-BE54-9A1E7A4F7556}") = "Api.Test", "test\Api.Test\Api.Test.csproj", "{59C521BE-3CB2-4EC3-BE3F-6B021B68DF74}"
EndProject
Project("{2150E333-8FDC-42A3-9474-1A3956D46DE8}") = "Solution Items", "Solution Items", "{1696E257-F671-4607-BC00-68DE28592797}"
	ProjectSection(SolutionItems) = preProject
		.editorconfig = .editorconfig
		README.md = README.md
	EndProjectSection
EndProject
Project("{9A19103F-16F7-4668-BE54-9A1E7A4F7556}") = "Process", "src\Process\Process.csproj", "{7E21705E-0900-4C6B-97C7-7D3071F487E0}"
EndProject
Project("{9A19103F-16F7-4668-BE54-9A1E7A4F7556}") = "Contracts", "src\Contracts\Contracts.csproj", "{05ACCEAD-6271-4997-9F58-0F91EEA82118}"
EndProject
Project("{9A19103F-16F7-4668-BE54-9A1E7A4F7556}") = "Utilities", "src\Utilities\Utilities.csproj", "{BE94EDFD-5B1C-4898-B5B6-200FC9FC83DD}"
EndProject
Global
	GlobalSection(SolutionConfigurationPlatforms) = preSolution
		Debug|Any CPU = Debug|Any CPU
		Release|Any CPU = Release|Any CPU
	EndGlobalSection
	GlobalSection(ProjectConfigurationPlatforms) = postSolution
		{E0BD00A0-937E-465D-A19F-B62AC9EFAE62}.Debug|Any CPU.ActiveCfg = Debug|Any CPU
		{E0BD00A0-937E-465D-A19F-B62AC9EFAE62}.Debug|Any CPU.Build.0 = Debug|Any CPU
		{E0BD00A0-937E-465D-A19F-B62AC9EFAE62}.Release|Any CPU.ActiveCfg = Release|Any CPU
		{E0BD00A0-937E-465D-A19F-B62AC9EFAE62}.Release|Any CPU.Build.0 = Release|Any CPU
		{D198657A-C129-4C00-BBA1-475AD938B6CF}.Debug|Any CPU.ActiveCfg = Debug|Any CPU
		{D198657A-C129-4C00-BBA1-475AD938B6CF}.Debug|Any CPU.Build.0 = Debug|Any CPU
		{D198657A-C129-4C00-BBA1-475AD938B6CF}.Release|Any CPU.ActiveCfg = Release|Any CPU
		{D198657A-C129-4C00-BBA1-475AD938B6CF}.Release|Any CPU.Build.0 = Release|Any CPU
		{59C521BE-3CB2-4EC3-BE3F-6B021B68DF74}.Debug|Any CPU.ActiveCfg = Debug|Any CPU
		{59C521BE-3CB2-4EC3-BE3F-6B021B68DF74}.Debug|Any CPU.Build.0 = Debug|Any CPU
		{59C521BE-3CB2-4EC3-BE3F-6B021B68DF74}.Release|Any CPU.ActiveCfg = Release|Any CPU
		{59C521BE-3CB2-4EC3-BE3F-6B021B68DF74}.Release|Any CPU.Build.0 = Release|Any CPU
		{7E21705E-0900-4C6B-97C7-7D3071F487E0}.Debug|Any CPU.ActiveCfg = Debug|Any CPU
		{7E21705E-0900-4C6B-97C7-7D3071F487E0}.Debug|Any CPU.Build.0 = Debug|Any CPU
		{7E21705E-0900-4C6B-97C7-7D3071F487E0}.Release|Any CPU.ActiveCfg = Release|Any CPU
		{7E21705E-0900-4C6B-97C7-7D3071F487E0}.Release|Any CPU.Build.0 = Release|Any CPU
		{05ACCEAD-6271-4997-9F58-0F91EEA82118}.Debug|Any CPU.ActiveCfg = Debug|Any CPU
		{05ACCEAD-6271-4997-9F58-0F91EEA82118}.Debug|Any CPU.Build.0 = Debug|Any CPU
		{05ACCEAD-6271-4997-9F58-0F91EEA82118}.Release|Any CPU.ActiveCfg = Release|Any CPU
		{05ACCEAD-6271-4997-9F58-0F91EEA82118}.Release|Any CPU.Build.0 = Release|Any CPU
		{BE94EDFD-5B1C-4898-B5B6-200FC9FC83DD}.Debug|Any CPU.ActiveCfg = Debug|Any CPU
		{BE94EDFD-5B1C-4898-B5B6-200FC9FC83DD}.Debug|Any CPU.Build.0 = Debug|Any CPU
		{BE94EDFD-5B1C-4898-B5B6-200FC9FC83DD}.Release|Any CPU.ActiveCfg = Release|Any CPU
		{BE94EDFD-5B1C-4898-B5B6-200FC9FC83DD}.Release|Any CPU.Build.0 = Release|Any CPU
	EndGlobalSection
	GlobalSection(SolutionProperties) = preSolution
		HideSolutionNode = FALSE
	EndGlobalSection
	GlobalSection(NestedProjects) = preSolution
		{E0BD00A0-937E-465D-A19F-B62AC9EFAE62} = {5A990A74-F60E-4C6D-953A-5A4529900043}
		{D198657A-C129-4C00-BBA1-475AD938B6CF} = {5A990A74-F60E-4C6D-953A-5A4529900043}
		{59C521BE-3CB2-4EC3-BE3F-6B021B68DF74} = {CF069C38-0C6A-4055-9A2E-87E4B721C012}
		{7E21705E-0900-4C6B-97C7-7D3071F487E0} = {5A990A74-F60E-4C6D-953A-5A4529900043}
		{05ACCEAD-6271-4997-9F58-0F91EEA82118} = {5A990A74-F60E-4C6D-953A-5A4529900043}
		{BE94EDFD-5B1C-4898-B5B6-200FC9FC83DD} = {5A990A74-F60E-4C6D-953A-5A4529900043}
	EndGlobalSection
	GlobalSection(ExtensibilityGlobals) = postSolution
		SolutionGuid = {4138ABDF-A07E-4F6B-B476-F015EF960F98}
	EndGlobalSection
EndGlobal
